
Microsoft Visual Studio Solution File, Format Version 12.00
# Visual Studio Version 17
VisualStudioVersion = 17.3.32922.545
MinimumVisualStudioVersion = 10.0.40219.1
Project("{FAE04EC0-301F-11D3-BF4B-00C04F79EFBC}") = "CarManufacturer", "CarManufacturer\CarManufacturer.csproj", "{38797716-7AF9-4253-A0FA-591E153C1ADC}"
EndProject
Global
	GlobalSection(SolutionConfigurationPlatforms) = preSolution
		Debug|Any CPU = Debug|Any CPU
		Release|Any CPU = Release|Any CPU
	EndGlobalSection
	GlobalSection(ProjectConfigurationPlatforms) = postSolution
		{38797716-7AF9-4253-A0FA-591E153C1ADC}.Debug|Any CPU.ActiveCfg = Debug|Any CPU
		{38797716-7AF9-4253-A0FA-591E153C1ADC}.Debug|Any CPU.Build.0 = Debug|Any CPU
		{38797716-7AF9-4253-A0FA-591E153C1ADC}.Release|Any CPU.ActiveCfg = Release|Any CPU
		{38797716-7AF9-4253-A0FA-591E153C1ADC}.Release|Any CPU.Build.0 = Release|Any CPU
	EndGlobalSection
	GlobalSection(SolutionProperties) = preSolution
		HideSolutionNode = FALSE
	EndGlobalSection
	GlobalSection(ExtensibilityGlobals) = postSolution
		SolutionGuid = {52D21E9E-3EC2-450A-B042-696BA8E8F2FD}
	EndGlobalSection
EndGlobal
