
Microsoft Visual Studio Solution File, Format Version 12.00
# Visual Studio Version 16
VisualStudioVersion = 16.0.32802.440
MinimumVisualStudioVersion = 10.0.40219.1
Project("{9A19103F-16F7-4668-BE54-9A1E7A4F7556}") = "1. Basic Stack Operations", "1. Basic Stack Operations\1. Basic Stack Operations.csproj", "{3937A895-2BD8-4D07-BC69-CBB0F8A4747C}"
EndProject
Project("{9A19103F-16F7-4668-BE54-9A1E7A4F7556}") = "2. Basic Queue Operations", "2. Basic Queue Operations\2. Basic Queue Operations.csproj", "{C7E6783F-D407-4323-9B25-2620FF11878B}"
EndProject
Project("{9A19103F-16F7-4668-BE54-9A1E7A4F7556}") = "3. Maximum and Minimum Element", "3. Maximum and Minimum Element\3. Maximum and Minimum Element.csproj", "{F88A0F53-63EC-401C-A4CC-A03D37493170}"
EndProject
Project("{9A19103F-16F7-4668-BE54-9A1E7A4F7556}") = "4. Fast Food", "4. Fast Food\4. Fast Food.csproj", "{D7362E19-914F-4E99-810F-266EF14DA024}"
EndProject
Project("{9A19103F-16F7-4668-BE54-9A1E7A4F7556}") = "5. Fashion Boutique", "5. Fashion Boutique\5. Fashion Boutique.csproj", "{39672C20-CEAB-4B9C-BDFF-448DB18CE494}"
EndProject
Project("{9A19103F-16F7-4668-BE54-9A1E7A4F7556}") = "6. Songs Queue", "6. Songs Queue\6. Songs Queue.csproj", "{A2B3D592-1A05-4E87-9F78-32DCAE0C2ED6}"
EndProject
Project("{9A19103F-16F7-4668-BE54-9A1E7A4F7556}") = "7. Truck Tour", "7. Truck Tour\7. Truck Tour.csproj", "{712E690B-71A6-4B14-8407-49E3AB173171}"
EndProject
Project("{9A19103F-16F7-4668-BE54-9A1E7A4F7556}") = "8. Balanced Parentheses", "8. Balanced Parentheses\8. Balanced Parentheses.csproj", "{E01C839A-3A12-4A86-8129-1F7020C9C250}"
EndProject
Project("{9A19103F-16F7-4668-BE54-9A1E7A4F7556}") = "9. Simple Text Editor", "9. Simple Text Editor\9. Simple Text Editor.csproj", "{EC918E76-7E8A-4B28-8637-151DCA40692A}"
EndProject
Project("{9A19103F-16F7-4668-BE54-9A1E7A4F7556}") = "10. Crossroads", "10. Crossroads\10. Crossroads.csproj", "{F1315583-5632-41A5-9417-8CED3C6145A6}"
EndProject
Project("{9A19103F-16F7-4668-BE54-9A1E7A4F7556}") = "11. Key Revolver", "11. Key Revolver\11. Key Revolver.csproj", "{6BE06159-23F5-42C4-84F6-D7387D411419}"
EndProject
Project("{FAE04EC0-301F-11D3-BF4B-00C04F79EFBC}") = "12.Cups and Bottles", "12.Cups and Bottles\12.Cups and Bottles.csproj", "{2F0A44B4-D100-4EF6-8F47-91A702F3D694}"
EndProject
Global
	GlobalSection(SolutionConfigurationPlatforms) = preSolution
		Debug|Any CPU = Debug|Any CPU
		Release|Any CPU = Release|Any CPU
	EndGlobalSection
	GlobalSection(ProjectConfigurationPlatforms) = postSolution
		{3937A895-2BD8-4D07-BC69-CBB0F8A4747C}.Debug|Any CPU.ActiveCfg = Debug|Any CPU
		{3937A895-2BD8-4D07-BC69-CBB0F8A4747C}.Debug|Any CPU.Build.0 = Debug|Any CPU
		{3937A895-2BD8-4D07-BC69-CBB0F8A4747C}.Release|Any CPU.ActiveCfg = Release|Any CPU
		{3937A895-2BD8-4D07-BC69-CBB0F8A4747C}.Release|Any CPU.Build.0 = Release|Any CPU
		{C7E6783F-D407-4323-9B25-2620FF11878B}.Debug|Any CPU.ActiveCfg = Debug|Any CPU
		{C7E6783F-D407-4323-9B25-2620FF11878B}.Debug|Any CPU.Build.0 = Debug|Any CPU
		{C7E6783F-D407-4323-9B25-2620FF11878B}.Release|Any CPU.ActiveCfg = Release|Any CPU
		{C7E6783F-D407-4323-9B25-2620FF11878B}.Release|Any CPU.Build.0 = Release|Any CPU
		{F88A0F53-63EC-401C-A4CC-A03D37493170}.Debug|Any CPU.ActiveCfg = Debug|Any CPU
		{F88A0F53-63EC-401C-A4CC-A03D37493170}.Debug|Any CPU.Build.0 = Debug|Any CPU
		{F88A0F53-63EC-401C-A4CC-A03D37493170}.Release|Any CPU.ActiveCfg = Release|Any CPU
		{F88A0F53-63EC-401C-A4CC-A03D37493170}.Release|Any CPU.Build.0 = Release|Any CPU
		{D7362E19-914F-4E99-810F-266EF14DA024}.Debug|Any CPU.ActiveCfg = Debug|Any CPU
		{D7362E19-914F-4E99-810F-266EF14DA024}.Debug|Any CPU.Build.0 = Debug|Any CPU
		{D7362E19-914F-4E99-810F-266EF14DA024}.Release|Any CPU.ActiveCfg = Release|Any CPU
		{D7362E19-914F-4E99-810F-266EF14DA024}.Release|Any CPU.Build.0 = Release|Any CPU
		{39672C20-CEAB-4B9C-BDFF-448DB18CE494}.Debug|Any CPU.ActiveCfg = Debug|Any CPU
		{39672C20-CEAB-4B9C-BDFF-448DB18CE494}.Debug|Any CPU.Build.0 = Debug|Any CPU
		{39672C20-CEAB-4B9C-BDFF-448DB18CE494}.Release|Any CPU.ActiveCfg = Release|Any CPU
		{39672C20-CEAB-4B9C-BDFF-448DB18CE494}.Release|Any CPU.Build.0 = Release|Any CPU
		{A2B3D592-1A05-4E87-9F78-32DCAE0C2ED6}.Debug|Any CPU.ActiveCfg = Debug|Any CPU
		{A2B3D592-1A05-4E87-9F78-32DCAE0C2ED6}.Debug|Any CPU.Build.0 = Debug|Any CPU
		{A2B3D592-1A05-4E87-9F78-32DCAE0C2ED6}.Release|Any CPU.ActiveCfg = Release|Any CPU
		{A2B3D592-1A05-4E87-9F78-32DCAE0C2ED6}.Release|Any CPU.Build.0 = Release|Any CPU
		{712E690B-71A6-4B14-8407-49E3AB173171}.Debug|Any CPU.ActiveCfg = Debug|Any CPU
		{712E690B-71A6-4B14-8407-49E3AB173171}.Debug|Any CPU.Build.0 = Debug|Any CPU
		{712E690B-71A6-4B14-8407-49E3AB173171}.Release|Any CPU.ActiveCfg = Release|Any CPU
		{712E690B-71A6-4B14-8407-49E3AB173171}.Release|Any CPU.Build.0 = Release|Any CPU
		{E01C839A-3A12-4A86-8129-1F7020C9C250}.Debug|Any CPU.ActiveCfg = Debug|Any CPU
		{E01C839A-3A12-4A86-8129-1F7020C9C250}.Debug|Any CPU.Build.0 = Debug|Any CPU
		{E01C839A-3A12-4A86-8129-1F7020C9C250}.Release|Any CPU.ActiveCfg = Release|Any CPU
		{E01C839A-3A12-4A86-8129-1F7020C9C250}.Release|Any CPU.Build.0 = Release|Any CPU
		{EC918E76-7E8A-4B28-8637-151DCA40692A}.Debug|Any CPU.ActiveCfg = Debug|Any CPU
		{EC918E76-7E8A-4B28-8637-151DCA40692A}.Debug|Any CPU.Build.0 = Debug|Any CPU
		{EC918E76-7E8A-4B28-8637-151DCA40692A}.Release|Any CPU.ActiveCfg = Release|Any CPU
		{EC918E76-7E8A-4B28-8637-151DCA40692A}.Release|Any CPU.Build.0 = Release|Any CPU
		{F1315583-5632-41A5-9417-8CED3C6145A6}.Debug|Any CPU.ActiveCfg = Debug|Any CPU
		{F1315583-5632-41A5-9417-8CED3C6145A6}.Debug|Any CPU.Build.0 = Debug|Any CPU
		{F1315583-5632-41A5-9417-8CED3C6145A6}.Release|Any CPU.ActiveCfg = Release|Any CPU
		{F1315583-5632-41A5-9417-8CED3C6145A6}.Release|Any CPU.Build.0 = Release|Any CPU
		{6BE06159-23F5-42C4-84F6-D7387D411419}.Debug|Any CPU.ActiveCfg = Debug|Any CPU
		{6BE06159-23F5-42C4-84F6-D7387D411419}.Debug|Any CPU.Build.0 = Debug|Any CPU
		{6BE06159-23F5-42C4-84F6-D7387D411419}.Release|Any CPU.ActiveCfg = Release|Any CPU
		{6BE06159-23F5-42C4-84F6-D7387D411419}.Release|Any CPU.Build.0 = Release|Any CPU
		{2F0A44B4-D100-4EF6-8F47-91A702F3D694}.Debug|Any CPU.ActiveCfg = Debug|Any CPU
		{2F0A44B4-D100-4EF6-8F47-91A702F3D694}.Debug|Any CPU.Build.0 = Debug|Any CPU
		{2F0A44B4-D100-4EF6-8F47-91A702F3D694}.Release|Any CPU.ActiveCfg = Release|Any CPU
		{2F0A44B4-D100-4EF6-8F47-91A702F3D694}.Release|Any CPU.Build.0 = Release|Any CPU
	EndGlobalSection
	GlobalSection(SolutionProperties) = preSolution
		HideSolutionNode = FALSE
	EndGlobalSection
	GlobalSection(ExtensibilityGlobals) = postSolution
		SolutionGuid = {E597EF70-809E-4AB8-BABD-78CF3F153D59}
	EndGlobalSection
EndGlobal
