
Microsoft Visual Studio Solution File, Format Version 12.00
# Visual Studio Version 17
VisualStudioVersion = 17.3.32922.545
MinimumVisualStudioVersion = 10.0.40219.1
Project("{9A19103F-16F7-4668-BE54-9A1E7A4F7556}") = "ArraySum", "ArraySum\ArraySum.csproj", "{2322CA72-D88C-47E4-8848-345D5125CECA}"
EndProject
Project("{9A19103F-16F7-4668-BE54-9A1E7A4F7556}") = "Factorial", "Factorial\Factorial.csproj", "{6F7DD006-D7CE-4937-8149-368CEB7289BE}"
EndProject
Project("{FAE04EC0-301F-11D3-BF4B-00C04F79EFBC}") = "MergeSort", "MergeSort\MergeSort.csproj", "{E78184FB-D172-40C9-A71D-8C510B25A70E}"
EndProject
Project("{FAE04EC0-301F-11D3-BF4B-00C04F79EFBC}") = "BinarySearch", "BinarySearch\BinarySearch.csproj", "{CFFD8630-BD95-4022-BEAA-B5FE8F4301F8}"
EndProject
Project("{FAE04EC0-301F-11D3-BF4B-00C04F79EFBC}") = "QuickSort", "QuickSort\QuickSort.csproj", "{6D488A5A-7857-407A-9AC6-5245DA0B6B0B}"
EndProject
Global
	GlobalSection(SolutionConfigurationPlatforms) = preSolution
		Debug|Any CPU = Debug|Any CPU
		Release|Any CPU = Release|Any CPU
	EndGlobalSection
	GlobalSection(ProjectConfigurationPlatforms) = postSolution
		{2322CA72-D88C-47E4-8848-345D5125CECA}.Debug|Any CPU.ActiveCfg = Debug|Any CPU
		{2322CA72-D88C-47E4-8848-345D5125CECA}.Debug|Any CPU.Build.0 = Debug|Any CPU
		{2322CA72-D88C-47E4-8848-345D5125CECA}.Release|Any CPU.ActiveCfg = Release|Any CPU
		{2322CA72-D88C-47E4-8848-345D5125CECA}.Release|Any CPU.Build.0 = Release|Any CPU
		{6F7DD006-D7CE-4937-8149-368CEB7289BE}.Debug|Any CPU.ActiveCfg = Debug|Any CPU
		{6F7DD006-D7CE-4937-8149-368CEB7289BE}.Debug|Any CPU.Build.0 = Debug|Any CPU
		{6F7DD006-D7CE-4937-8149-368CEB7289BE}.Release|Any CPU.ActiveCfg = Release|Any CPU
		{6F7DD006-D7CE-4937-8149-368CEB7289BE}.Release|Any CPU.Build.0 = Release|Any CPU
		{E78184FB-D172-40C9-A71D-8C510B25A70E}.Debug|Any CPU.ActiveCfg = Debug|Any CPU
		{E78184FB-D172-40C9-A71D-8C510B25A70E}.Debug|Any CPU.Build.0 = Debug|Any CPU
		{E78184FB-D172-40C9-A71D-8C510B25A70E}.Release|Any CPU.ActiveCfg = Release|Any CPU
		{E78184FB-D172-40C9-A71D-8C510B25A70E}.Release|Any CPU.Build.0 = Release|Any CPU
		{CFFD8630-BD95-4022-BEAA-B5FE8F4301F8}.Debug|Any CPU.ActiveCfg = Debug|Any CPU
		{CFFD8630-BD95-4022-BEAA-B5FE8F4301F8}.Debug|Any CPU.Build.0 = Debug|Any CPU
		{CFFD8630-BD95-4022-BEAA-B5FE8F4301F8}.Release|Any CPU.ActiveCfg = Release|Any CPU
		{CFFD8630-BD95-4022-BEAA-B5FE8F4301F8}.Release|Any CPU.Build.0 = Release|Any CPU
		{6D488A5A-7857-407A-9AC6-5245DA0B6B0B}.Debug|Any CPU.ActiveCfg = Debug|Any CPU
		{6D488A5A-7857-407A-9AC6-5245DA0B6B0B}.Debug|Any CPU.Build.0 = Debug|Any CPU
		{6D488A5A-7857-407A-9AC6-5245DA0B6B0B}.Release|Any CPU.ActiveCfg = Release|Any CPU
		{6D488A5A-7857-407A-9AC6-5245DA0B6B0B}.Release|Any CPU.Build.0 = Release|Any CPU
	EndGlobalSection
	GlobalSection(SolutionProperties) = preSolution
		HideSolutionNode = FALSE
	EndGlobalSection
	GlobalSection(ExtensibilityGlobals) = postSolution
		SolutionGuid = {BFFB7A37-2B12-40B1-A7E4-CE846346413A}
	EndGlobalSection
EndGlobal
