
Microsoft Visual Studio Solution File, Format Version 12.00
# Visual Studio Version 16
VisualStudioVersion = 16.0.32802.440
MinimumVisualStudioVersion = 10.0.40219.1
Project("{FAE04EC0-301F-11D3-BF4B-00C04F79EFBC}") = "1. Count Same Values in Array", "SetsAndDictionariesLab\1. Count Same Values in Array.csproj", "{765EEB48-2644-4EE5-8F30-A323C484B9B1}"
EndProject
Project("{FAE04EC0-301F-11D3-BF4B-00C04F79EFBC}") = "2. Average Student Grades", "2. Average Student Grades\2. Average Student Grades.csproj", "{AC9D641E-1E1C-411E-8CE2-3ADF181C247F}"
EndProject
Project("{FAE04EC0-301F-11D3-BF4B-00C04F79EFBC}") = "3. Largest 3 Numbers", "3. Largest 3 Numbers\3. Largest 3 Numbers.csproj", "{61C9C58F-096D-4DB7-9ECF-32D34D570FD6}"
EndProject
Project("{FAE04EC0-301F-11D3-BF4B-00C04F79EFBC}") = "4. Product Shop", "4. Product Shop\4. Product Shop.csproj", "{2A8F247A-93A6-45F5-9201-AB975FFD143F}"
EndProject
Project("{FAE04EC0-301F-11D3-BF4B-00C04F79EFBC}") = "5. Cities by Continent and Country", "5. Cities by Continent and Country\5. Cities by Continent and Country.csproj", "{8E4778D3-1690-4969-87D7-7A59639D56BC}"
EndProject
Project("{FAE04EC0-301F-11D3-BF4B-00C04F79EFBC}") = "6. Record Unique Names", "6. Record Unique Names\6. Record Unique Names.csproj", "{5BF5B941-19C2-4888-A7BD-A30ED82A2D07}"
EndProject
Project("{FAE04EC0-301F-11D3-BF4B-00C04F79EFBC}") = "7. Parking Lot", "7. Parking Lot\7. Parking Lot.csproj", "{3A01E6BC-093C-497F-82E6-330435B47200}"
EndProject
Project("{FAE04EC0-301F-11D3-BF4B-00C04F79EFBC}") = "8. SoftUni Party", "8. SoftUni Party\8. SoftUni Party.csproj", "{B84EDA67-2F83-40B3-BDB9-523F00C29297}"
EndProject
Global
	GlobalSection(SolutionConfigurationPlatforms) = preSolution
		Debug|Any CPU = Debug|Any CPU
		Release|Any CPU = Release|Any CPU
	EndGlobalSection
	GlobalSection(ProjectConfigurationPlatforms) = postSolution
		{765EEB48-2644-4EE5-8F30-A323C484B9B1}.Debug|Any CPU.ActiveCfg = Debug|Any CPU
		{765EEB48-2644-4EE5-8F30-A323C484B9B1}.Debug|Any CPU.Build.0 = Debug|Any CPU
		{765EEB48-2644-4EE5-8F30-A323C484B9B1}.Release|Any CPU.ActiveCfg = Release|Any CPU
		{765EEB48-2644-4EE5-8F30-A323C484B9B1}.Release|Any CPU.Build.0 = Release|Any CPU
		{AC9D641E-1E1C-411E-8CE2-3ADF181C247F}.Debug|Any CPU.ActiveCfg = Debug|Any CPU
		{AC9D641E-1E1C-411E-8CE2-3ADF181C247F}.Debug|Any CPU.Build.0 = Debug|Any CPU
		{AC9D641E-1E1C-411E-8CE2-3ADF181C247F}.Release|Any CPU.ActiveCfg = Release|Any CPU
		{AC9D641E-1E1C-411E-8CE2-3ADF181C247F}.Release|Any CPU.Build.0 = Release|Any CPU
		{61C9C58F-096D-4DB7-9ECF-32D34D570FD6}.Debug|Any CPU.ActiveCfg = Debug|Any CPU
		{61C9C58F-096D-4DB7-9ECF-32D34D570FD6}.Debug|Any CPU.Build.0 = Debug|Any CPU
		{61C9C58F-096D-4DB7-9ECF-32D34D570FD6}.Release|Any CPU.ActiveCfg = Release|Any CPU
		{61C9C58F-096D-4DB7-9ECF-32D34D570FD6}.Release|Any CPU.Build.0 = Release|Any CPU
		{2A8F247A-93A6-45F5-9201-AB975FFD143F}.Debug|Any CPU.ActiveCfg = Debug|Any CPU
		{2A8F247A-93A6-45F5-9201-AB975FFD143F}.Debug|Any CPU.Build.0 = Debug|Any CPU
		{2A8F247A-93A6-45F5-9201-AB975FFD143F}.Release|Any CPU.ActiveCfg = Release|Any CPU
		{2A8F247A-93A6-45F5-9201-AB975FFD143F}.Release|Any CPU.Build.0 = Release|Any CPU
		{8E4778D3-1690-4969-87D7-7A59639D56BC}.Debug|Any CPU.ActiveCfg = Debug|Any CPU
		{8E4778D3-1690-4969-87D7-7A59639D56BC}.Debug|Any CPU.Build.0 = Debug|Any CPU
		{8E4778D3-1690-4969-87D7-7A59639D56BC}.Release|Any CPU.ActiveCfg = Release|Any CPU
		{8E4778D3-1690-4969-87D7-7A59639D56BC}.Release|Any CPU.Build.0 = Release|Any CPU
		{5BF5B941-19C2-4888-A7BD-A30ED82A2D07}.Debug|Any CPU.ActiveCfg = Debug|Any CPU
		{5BF5B941-19C2-4888-A7BD-A30ED82A2D07}.Debug|Any CPU.Build.0 = Debug|Any CPU
		{5BF5B941-19C2-4888-A7BD-A30ED82A2D07}.Release|Any CPU.ActiveCfg = Release|Any CPU
		{5BF5B941-19C2-4888-A7BD-A30ED82A2D07}.Release|Any CPU.Build.0 = Release|Any CPU
		{3A01E6BC-093C-497F-82E6-330435B47200}.Debug|Any CPU.ActiveCfg = Debug|Any CPU
		{3A01E6BC-093C-497F-82E6-330435B47200}.Debug|Any CPU.Build.0 = Debug|Any CPU
		{3A01E6BC-093C-497F-82E6-330435B47200}.Release|Any CPU.ActiveCfg = Release|Any CPU
		{3A01E6BC-093C-497F-82E6-330435B47200}.Release|Any CPU.Build.0 = Release|Any CPU
		{B84EDA67-2F83-40B3-BDB9-523F00C29297}.Debug|Any CPU.ActiveCfg = Debug|Any CPU
		{B84EDA67-2F83-40B3-BDB9-523F00C29297}.Debug|Any CPU.Build.0 = Debug|Any CPU
		{B84EDA67-2F83-40B3-BDB9-523F00C29297}.Release|Any CPU.ActiveCfg = Release|Any CPU
		{B84EDA67-2F83-40B3-BDB9-523F00C29297}.Release|Any CPU.Build.0 = Release|Any CPU
	EndGlobalSection
	GlobalSection(SolutionProperties) = preSolution
		HideSolutionNode = FALSE
	EndGlobalSection
	GlobalSection(ExtensibilityGlobals) = postSolution
		SolutionGuid = {471B013A-EEDB-460A-8F9C-41E5EC376A1C}
	EndGlobalSection
EndGlobal
