
Microsoft Visual Studio Solution File, Format Version 12.00
# Visual Studio Version 17
VisualStudioVersion = 17.3.32922.545
MinimumVisualStudioVersion = 10.0.40219.1
Project("{FAE04EC0-301F-11D3-BF4B-00C04F79EFBC}") = "Bakery Shop", "Bakery Shop\Bakery Shop.csproj", "{283B6E4A-5FE0-4261-8B3A-30A4C304FADF}"
EndProject
Project("{FAE04EC0-301F-11D3-BF4B-00C04F79EFBC}") = "Beaver at Work", "Beaver at Work\Beaver at Work.csproj", "{C8025995-C9E8-4ABE-B48E-9C4C4FDD4406}"
EndProject
Global
	GlobalSection(SolutionConfigurationPlatforms) = preSolution
		Debug|Any CPU = Debug|Any CPU
		Release|Any CPU = Release|Any CPU
	EndGlobalSection
	GlobalSection(ProjectConfigurationPlatforms) = postSolution
		{283B6E4A-5FE0-4261-8B3A-30A4C304FADF}.Debug|Any CPU.ActiveCfg = Debug|Any CPU
		{283B6E4A-5FE0-4261-8B3A-30A4C304FADF}.Debug|Any CPU.Build.0 = Debug|Any CPU
		{283B6E4A-5FE0-4261-8B3A-30A4C304FADF}.Release|Any CPU.ActiveCfg = Release|Any CPU
		{283B6E4A-5FE0-4261-8B3A-30A4C304FADF}.Release|Any CPU.Build.0 = Release|Any CPU
		{C8025995-C9E8-4ABE-B48E-9C4C4FDD4406}.Debug|Any CPU.ActiveCfg = Debug|Any CPU
		{C8025995-C9E8-4ABE-B48E-9C4C4FDD4406}.Debug|Any CPU.Build.0 = Debug|Any CPU
		{C8025995-C9E8-4ABE-B48E-9C4C4FDD4406}.Release|Any CPU.ActiveCfg = Release|Any CPU
		{C8025995-C9E8-4ABE-B48E-9C4C4FDD4406}.Release|Any CPU.Build.0 = Release|Any CPU
	EndGlobalSection
	GlobalSection(SolutionProperties) = preSolution
		HideSolutionNode = FALSE
	EndGlobalSection
	GlobalSection(ExtensibilityGlobals) = postSolution
		SolutionGuid = {E3DF121F-7421-4CFA-BB7B-F800CC766593}
	EndGlobalSection
EndGlobal
