
Microsoft Visual Studio Solution File, Format Version 12.00
# Visual Studio Version 17
VisualStudioVersion = 17.3.32922.545
MinimumVisualStudioVersion = 10.0.40219.1
Project("{9A19103F-16F7-4668-BE54-9A1E7A4F7556}") = "AnimalFarm", "AnimalFarm\AnimalFarm.csproj", "{9F3A2AD9-BD29-4728-B2DE-DF94C86E5B2B}"
EndProject
Project("{FAE04EC0-301F-11D3-BF4B-00C04F79EFBC}") = "ClassBoxData", "ClassBoxData\ClassBoxData.csproj", "{A1B200B3-15DA-45D7-86A7-D1BB7879E5FC}"
EndProject
Project("{FAE04EC0-301F-11D3-BF4B-00C04F79EFBC}") = "ShoppingSpree", "ShoppingSpree\ShoppingSpree.csproj", "{0701CA55-7219-4BF1-AD53-13F202EE86DF}"
EndProject
Project("{FAE04EC0-301F-11D3-BF4B-00C04F79EFBC}") = "PizzaCalories", "PizzaCalories\PizzaCalories.csproj", "{BD86882A-DA0F-4936-AC53-D5CBC2324E88}"
EndProject
Project("{FAE04EC0-301F-11D3-BF4B-00C04F79EFBC}") = "FootballTeamGenerator", "FootballTeamGenerator\FootballTeamGenerator.csproj", "{DF3D59F9-C9F3-4F55-A6A2-C3BB49919683}"
EndProject
Global
	GlobalSection(SolutionConfigurationPlatforms) = preSolution
		Debug|Any CPU = Debug|Any CPU
		Release|Any CPU = Release|Any CPU
	EndGlobalSection
	GlobalSection(ProjectConfigurationPlatforms) = postSolution
		{9F3A2AD9-BD29-4728-B2DE-DF94C86E5B2B}.Debug|Any CPU.ActiveCfg = Debug|Any CPU
		{9F3A2AD9-BD29-4728-B2DE-DF94C86E5B2B}.Debug|Any CPU.Build.0 = Debug|Any CPU
		{9F3A2AD9-BD29-4728-B2DE-DF94C86E5B2B}.Release|Any CPU.ActiveCfg = Release|Any CPU
		{9F3A2AD9-BD29-4728-B2DE-DF94C86E5B2B}.Release|Any CPU.Build.0 = Release|Any CPU
		{A1B200B3-15DA-45D7-86A7-D1BB7879E5FC}.Debug|Any CPU.ActiveCfg = Debug|Any CPU
		{A1B200B3-15DA-45D7-86A7-D1BB7879E5FC}.Debug|Any CPU.Build.0 = Debug|Any CPU
		{A1B200B3-15DA-45D7-86A7-D1BB7879E5FC}.Release|Any CPU.ActiveCfg = Release|Any CPU
		{A1B200B3-15DA-45D7-86A7-D1BB7879E5FC}.Release|Any CPU.Build.0 = Release|Any CPU
		{0701CA55-7219-4BF1-AD53-13F202EE86DF}.Debug|Any CPU.ActiveCfg = Debug|Any CPU
		{0701CA55-7219-4BF1-AD53-13F202EE86DF}.Debug|Any CPU.Build.0 = Debug|Any CPU
		{0701CA55-7219-4BF1-AD53-13F202EE86DF}.Release|Any CPU.ActiveCfg = Release|Any CPU
		{0701CA55-7219-4BF1-AD53-13F202EE86DF}.Release|Any CPU.Build.0 = Release|Any CPU
		{BD86882A-DA0F-4936-AC53-D5CBC2324E88}.Debug|Any CPU.ActiveCfg = Debug|Any CPU
		{BD86882A-DA0F-4936-AC53-D5CBC2324E88}.Debug|Any CPU.Build.0 = Debug|Any CPU
		{BD86882A-DA0F-4936-AC53-D5CBC2324E88}.Release|Any CPU.ActiveCfg = Release|Any CPU
		{BD86882A-DA0F-4936-AC53-D5CBC2324E88}.Release|Any CPU.Build.0 = Release|Any CPU
		{DF3D59F9-C9F3-4F55-A6A2-C3BB49919683}.Debug|Any CPU.ActiveCfg = Debug|Any CPU
		{DF3D59F9-C9F3-4F55-A6A2-C3BB49919683}.Debug|Any CPU.Build.0 = Debug|Any CPU
		{DF3D59F9-C9F3-4F55-A6A2-C3BB49919683}.Release|Any CPU.ActiveCfg = Release|Any CPU
		{DF3D59F9-C9F3-4F55-A6A2-C3BB49919683}.Release|Any CPU.Build.0 = Release|Any CPU
	EndGlobalSection
	GlobalSection(SolutionProperties) = preSolution
		HideSolutionNode = FALSE
	EndGlobalSection
	GlobalSection(ExtensibilityGlobals) = postSolution
		SolutionGuid = {16C6B5F8-9855-4B2E-9C91-D9E4C8A8FC04}
	EndGlobalSection
EndGlobal
