
Microsoft Visual Studio Solution File, Format Version 12.00
# Visual Studio Version 17
VisualStudioVersion = 17.3.32922.545
MinimumVisualStudioVersion = 10.0.40219.1
Project("{9A19103F-16F7-4668-BE54-9A1E7A4F7556}") = "1. Define a Class Person", "1. Define a Class Person\1. Define a Class Person.csproj", "{B99DD47F-88D2-48A9-BA52-057923D34590}"
EndProject
Project("{9A19103F-16F7-4668-BE54-9A1E7A4F7556}") = "4. Opinion Poll", "4. Opinion Poll\4. Opinion Poll.csproj", "{9A0DD52B-78EE-42B4-AF42-0C6B57B40912}"
EndProject
Project("{9A19103F-16F7-4668-BE54-9A1E7A4F7556}") = "Date Modifier", "Date Modifier\Date Modifier.csproj", "{AC65E243-D268-4895-A514-7F13C8E86AD5}"
EndProject
Project("{9A19103F-16F7-4668-BE54-9A1E7A4F7556}") = "3. Oldest Family Member", "3. Oldest Family Member\3. Oldest Family Member.csproj", "{B11BB306-5D31-4FB5-9761-94A2A47EDF5C}"
EndProject
Project("{9A19103F-16F7-4668-BE54-9A1E7A4F7556}") = "DefiningClasses", "DefiningClasses\DefiningClasses.csproj", "{77066A9E-5418-4A5C-AF7A-6E1C096B3070}"
EndProject
Project("{9A19103F-16F7-4668-BE54-9A1E7A4F7556}") = "6. Speed Racing", "6. Speed Racing\6. Speed Racing.csproj", "{16B4F3EC-30E8-4884-BEC1-31CCF134FF84}"
EndProject
Project("{9A19103F-16F7-4668-BE54-9A1E7A4F7556}") = "7. Raw Data", "7. Raw Data\7. Raw Data.csproj", "{4629F3B1-7A55-47C1-B42B-EA9632DED9D1}"
EndProject
Project("{FAE04EC0-301F-11D3-BF4B-00C04F79EFBC}") = "CarSalesman", "CarSalesman\CarSalesman.csproj", "{C7A80496-05D0-48C8-AAAC-8238B0C81F2C}"
EndProject
Project("{FAE04EC0-301F-11D3-BF4B-00C04F79EFBC}") = "PokemonTrainer", "PokemonTrainer\PokemonTrainer.csproj", "{FDAB8CE9-2C18-43A7-B0E2-3D1C5DEE5F80}"
EndProject
Global
	GlobalSection(SolutionConfigurationPlatforms) = preSolution
		Debug|Any CPU = Debug|Any CPU
		Release|Any CPU = Release|Any CPU
	EndGlobalSection
	GlobalSection(ProjectConfigurationPlatforms) = postSolution
		{B99DD47F-88D2-48A9-BA52-057923D34590}.Debug|Any CPU.ActiveCfg = Debug|Any CPU
		{B99DD47F-88D2-48A9-BA52-057923D34590}.Debug|Any CPU.Build.0 = Debug|Any CPU
		{B99DD47F-88D2-48A9-BA52-057923D34590}.Release|Any CPU.ActiveCfg = Release|Any CPU
		{B99DD47F-88D2-48A9-BA52-057923D34590}.Release|Any CPU.Build.0 = Release|Any CPU
		{9A0DD52B-78EE-42B4-AF42-0C6B57B40912}.Debug|Any CPU.ActiveCfg = Debug|Any CPU
		{9A0DD52B-78EE-42B4-AF42-0C6B57B40912}.Debug|Any CPU.Build.0 = Debug|Any CPU
		{9A0DD52B-78EE-42B4-AF42-0C6B57B40912}.Release|Any CPU.ActiveCfg = Release|Any CPU
		{9A0DD52B-78EE-42B4-AF42-0C6B57B40912}.Release|Any CPU.Build.0 = Release|Any CPU
		{AC65E243-D268-4895-A514-7F13C8E86AD5}.Debug|Any CPU.ActiveCfg = Debug|Any CPU
		{AC65E243-D268-4895-A514-7F13C8E86AD5}.Debug|Any CPU.Build.0 = Debug|Any CPU
		{AC65E243-D268-4895-A514-7F13C8E86AD5}.Release|Any CPU.ActiveCfg = Release|Any CPU
		{AC65E243-D268-4895-A514-7F13C8E86AD5}.Release|Any CPU.Build.0 = Release|Any CPU
		{B11BB306-5D31-4FB5-9761-94A2A47EDF5C}.Debug|Any CPU.ActiveCfg = Debug|Any CPU
		{B11BB306-5D31-4FB5-9761-94A2A47EDF5C}.Debug|Any CPU.Build.0 = Debug|Any CPU
		{B11BB306-5D31-4FB5-9761-94A2A47EDF5C}.Release|Any CPU.ActiveCfg = Release|Any CPU
		{B11BB306-5D31-4FB5-9761-94A2A47EDF5C}.Release|Any CPU.Build.0 = Release|Any CPU
		{77066A9E-5418-4A5C-AF7A-6E1C096B3070}.Debug|Any CPU.ActiveCfg = Debug|Any CPU
		{77066A9E-5418-4A5C-AF7A-6E1C096B3070}.Debug|Any CPU.Build.0 = Debug|Any CPU
		{77066A9E-5418-4A5C-AF7A-6E1C096B3070}.Release|Any CPU.ActiveCfg = Release|Any CPU
		{77066A9E-5418-4A5C-AF7A-6E1C096B3070}.Release|Any CPU.Build.0 = Release|Any CPU
		{16B4F3EC-30E8-4884-BEC1-31CCF134FF84}.Debug|Any CPU.ActiveCfg = Debug|Any CPU
		{16B4F3EC-30E8-4884-BEC1-31CCF134FF84}.Debug|Any CPU.Build.0 = Debug|Any CPU
		{16B4F3EC-30E8-4884-BEC1-31CCF134FF84}.Release|Any CPU.ActiveCfg = Release|Any CPU
		{16B4F3EC-30E8-4884-BEC1-31CCF134FF84}.Release|Any CPU.Build.0 = Release|Any CPU
		{4629F3B1-7A55-47C1-B42B-EA9632DED9D1}.Debug|Any CPU.ActiveCfg = Debug|Any CPU
		{4629F3B1-7A55-47C1-B42B-EA9632DED9D1}.Debug|Any CPU.Build.0 = Debug|Any CPU
		{4629F3B1-7A55-47C1-B42B-EA9632DED9D1}.Release|Any CPU.ActiveCfg = Release|Any CPU
		{4629F3B1-7A55-47C1-B42B-EA9632DED9D1}.Release|Any CPU.Build.0 = Release|Any CPU
		{C7A80496-05D0-48C8-AAAC-8238B0C81F2C}.Debug|Any CPU.ActiveCfg = Debug|Any CPU
		{C7A80496-05D0-48C8-AAAC-8238B0C81F2C}.Debug|Any CPU.Build.0 = Debug|Any CPU
		{C7A80496-05D0-48C8-AAAC-8238B0C81F2C}.Release|Any CPU.ActiveCfg = Release|Any CPU
		{C7A80496-05D0-48C8-AAAC-8238B0C81F2C}.Release|Any CPU.Build.0 = Release|Any CPU
		{FDAB8CE9-2C18-43A7-B0E2-3D1C5DEE5F80}.Debug|Any CPU.ActiveCfg = Debug|Any CPU
		{FDAB8CE9-2C18-43A7-B0E2-3D1C5DEE5F80}.Debug|Any CPU.Build.0 = Debug|Any CPU
		{FDAB8CE9-2C18-43A7-B0E2-3D1C5DEE5F80}.Release|Any CPU.ActiveCfg = Release|Any CPU
		{FDAB8CE9-2C18-43A7-B0E2-3D1C5DEE5F80}.Release|Any CPU.Build.0 = Release|Any CPU
	EndGlobalSection
	GlobalSection(SolutionProperties) = preSolution
		HideSolutionNode = FALSE
	EndGlobalSection
	GlobalSection(ExtensibilityGlobals) = postSolution
		SolutionGuid = {A69E2B7D-FDDB-40E9-8051-4C3D87BCD6B7}
	EndGlobalSection
EndGlobal
