
Microsoft Visual Studio Solution File, Format Version 12.00
# Visual Studio Version 17
VisualStudioVersion = 17.3.32922.545
MinimumVisualStudioVersion = 10.0.40219.1
Project("{9A19103F-16F7-4668-BE54-9A1E7A4F7556}") = "GenericBoxOfString", "GenericBoxOfString\GenericBoxOfString.csproj", "{2D092589-19F2-4D24-987D-7FCB2E323E26}"
EndProject
Project("{9A19103F-16F7-4668-BE54-9A1E7A4F7556}") = "GenericSwap", "GenericSwap\GenericSwap.csproj", "{96A2516D-3DA6-4AB1-85CE-3653B21BB4CF}"
EndProject
Project("{9A19103F-16F7-4668-BE54-9A1E7A4F7556}") = "GenericCount", "GenericCount\GenericCount.csproj", "{1B2CE24F-33B8-46EA-914B-37E616251A7A}"
EndProject
Project("{FAE04EC0-301F-11D3-BF4B-00C04F79EFBC}") = "Tuple", "Tuple\Tuple.csproj", "{4DE80B0A-710F-4672-B2F3-E6AFF754412D}"
EndProject
Project("{FAE04EC0-301F-11D3-BF4B-00C04F79EFBC}") = "Threeuple", "Threeuple\Threeuple.csproj", "{A4CA9FD7-0063-4325-9E7F-31E13A439A96}"
EndProject
Global
	GlobalSection(SolutionConfigurationPlatforms) = preSolution
		Debug|Any CPU = Debug|Any CPU
		Release|Any CPU = Release|Any CPU
	EndGlobalSection
	GlobalSection(ProjectConfigurationPlatforms) = postSolution
		{2D092589-19F2-4D24-987D-7FCB2E323E26}.Debug|Any CPU.ActiveCfg = Debug|Any CPU
		{2D092589-19F2-4D24-987D-7FCB2E323E26}.Debug|Any CPU.Build.0 = Debug|Any CPU
		{2D092589-19F2-4D24-987D-7FCB2E323E26}.Release|Any CPU.ActiveCfg = Release|Any CPU
		{2D092589-19F2-4D24-987D-7FCB2E323E26}.Release|Any CPU.Build.0 = Release|Any CPU
		{96A2516D-3DA6-4AB1-85CE-3653B21BB4CF}.Debug|Any CPU.ActiveCfg = Debug|Any CPU
		{96A2516D-3DA6-4AB1-85CE-3653B21BB4CF}.Debug|Any CPU.Build.0 = Debug|Any CPU
		{96A2516D-3DA6-4AB1-85CE-3653B21BB4CF}.Release|Any CPU.ActiveCfg = Release|Any CPU
		{96A2516D-3DA6-4AB1-85CE-3653B21BB4CF}.Release|Any CPU.Build.0 = Release|Any CPU
		{1B2CE24F-33B8-46EA-914B-37E616251A7A}.Debug|Any CPU.ActiveCfg = Debug|Any CPU
		{1B2CE24F-33B8-46EA-914B-37E616251A7A}.Debug|Any CPU.Build.0 = Debug|Any CPU
		{1B2CE24F-33B8-46EA-914B-37E616251A7A}.Release|Any CPU.ActiveCfg = Release|Any CPU
		{1B2CE24F-33B8-46EA-914B-37E616251A7A}.Release|Any CPU.Build.0 = Release|Any CPU
		{4DE80B0A-710F-4672-B2F3-E6AFF754412D}.Debug|Any CPU.ActiveCfg = Debug|Any CPU
		{4DE80B0A-710F-4672-B2F3-E6AFF754412D}.Debug|Any CPU.Build.0 = Debug|Any CPU
		{4DE80B0A-710F-4672-B2F3-E6AFF754412D}.Release|Any CPU.ActiveCfg = Release|Any CPU
		{4DE80B0A-710F-4672-B2F3-E6AFF754412D}.Release|Any CPU.Build.0 = Release|Any CPU
		{A4CA9FD7-0063-4325-9E7F-31E13A439A96}.Debug|Any CPU.ActiveCfg = Debug|Any CPU
		{A4CA9FD7-0063-4325-9E7F-31E13A439A96}.Debug|Any CPU.Build.0 = Debug|Any CPU
		{A4CA9FD7-0063-4325-9E7F-31E13A439A96}.Release|Any CPU.ActiveCfg = Release|Any CPU
		{A4CA9FD7-0063-4325-9E7F-31E13A439A96}.Release|Any CPU.Build.0 = Release|Any CPU
	EndGlobalSection
	GlobalSection(SolutionProperties) = preSolution
		HideSolutionNode = FALSE
	EndGlobalSection
	GlobalSection(ExtensibilityGlobals) = postSolution
		SolutionGuid = {58E83237-F120-477E-9CBD-CC0E54FE9DD2}
	EndGlobalSection
EndGlobal
