
Microsoft Visual Studio Solution File, Format Version 12.00
# Visual Studio Version 17
VisualStudioVersion = 17.3.32922.545
MinimumVisualStudioVersion = 10.0.40219.1
Project("{FAE04EC0-301F-11D3-BF4B-00C04F79EFBC}") = "Farm", "Farm\Farm.csproj", "{EDF417B2-001E-4323-B9B8-04DC489A195E}"
EndProject
Project("{FAE04EC0-301F-11D3-BF4B-00C04F79EFBC}") = "CustomRandomList", "CustomRandomList\CustomRandomList.csproj", "{33B8B6A3-C1A6-427C-9A9B-92F3C6A9AB25}"
EndProject
Project("{FAE04EC0-301F-11D3-BF4B-00C04F79EFBC}") = "CustomStack", "CustomStack\CustomStack.csproj", "{66E40F74-140C-41BC-8FDD-ACBB732E1433}"
EndProject
Global
	GlobalSection(SolutionConfigurationPlatforms) = preSolution
		Debug|Any CPU = Debug|Any CPU
		Release|Any CPU = Release|Any CPU
	EndGlobalSection
	GlobalSection(ProjectConfigurationPlatforms) = postSolution
		{EDF417B2-001E-4323-B9B8-04DC489A195E}.Debug|Any CPU.ActiveCfg = Debug|Any CPU
		{EDF417B2-001E-4323-B9B8-04DC489A195E}.Debug|Any CPU.Build.0 = Debug|Any CPU
		{EDF417B2-001E-4323-B9B8-04DC489A195E}.Release|Any CPU.ActiveCfg = Release|Any CPU
		{EDF417B2-001E-4323-B9B8-04DC489A195E}.Release|Any CPU.Build.0 = Release|Any CPU
		{33B8B6A3-C1A6-427C-9A9B-92F3C6A9AB25}.Debug|Any CPU.ActiveCfg = Debug|Any CPU
		{33B8B6A3-C1A6-427C-9A9B-92F3C6A9AB25}.Debug|Any CPU.Build.0 = Debug|Any CPU
		{33B8B6A3-C1A6-427C-9A9B-92F3C6A9AB25}.Release|Any CPU.ActiveCfg = Release|Any CPU
		{33B8B6A3-C1A6-427C-9A9B-92F3C6A9AB25}.Release|Any CPU.Build.0 = Release|Any CPU
		{66E40F74-140C-41BC-8FDD-ACBB732E1433}.Debug|Any CPU.ActiveCfg = Debug|Any CPU
		{66E40F74-140C-41BC-8FDD-ACBB732E1433}.Debug|Any CPU.Build.0 = Debug|Any CPU
		{66E40F74-140C-41BC-8FDD-ACBB732E1433}.Release|Any CPU.ActiveCfg = Release|Any CPU
		{66E40F74-140C-41BC-8FDD-ACBB732E1433}.Release|Any CPU.Build.0 = Release|Any CPU
	EndGlobalSection
	GlobalSection(SolutionProperties) = preSolution
		HideSolutionNode = FALSE
	EndGlobalSection
	GlobalSection(ExtensibilityGlobals) = postSolution
		SolutionGuid = {B4E89A74-228F-482C-A017-3C2166EBC7E0}
	EndGlobalSection
EndGlobal
