
Microsoft Visual Studio Solution File, Format Version 12.00
# Visual Studio Version 17
VisualStudioVersion = 17.3.32922.545
MinimumVisualStudioVersion = 10.0.40219.1
Project("{9A19103F-16F7-4668-BE54-9A1E7A4F7556}") = "ListyIterator", "ListyIterator\ListyIterator.csproj", "{0D9944F4-5499-4764-AB06-39A49EA0341B}"
EndProject
Project("{9A19103F-16F7-4668-BE54-9A1E7A4F7556}") = "Stack", "Stack\Stack.csproj", "{2855D4A6-CA88-46FB-873D-658CD6398DF4}"
EndProject
Project("{9A19103F-16F7-4668-BE54-9A1E7A4F7556}") = "FrogLakeStuff", "FrogLakeStuff\FrogLakeStuff.csproj", "{8094D548-F392-447E-BEEC-17937F099A59}"
EndProject
Project("{9A19103F-16F7-4668-BE54-9A1E7A4F7556}") = "CustomComparator", "CustomComparator\CustomComparator.csproj", "{351CC85A-39E6-4D64-8478-D188020DE49F}"
EndProject
Project("{9A19103F-16F7-4668-BE54-9A1E7A4F7556}") = "Task", "Task\Task.csproj", "{D4CF3485-4D1C-4384-B930-D3B299A43B2B}"
EndProject
Project("{FAE04EC0-301F-11D3-BF4B-00C04F79EFBC}") = "Equality", "Equality\Equality.csproj", "{1E471389-436D-4996-BAB5-F18EEF411A60}"
EndProject
Global
	GlobalSection(SolutionConfigurationPlatforms) = preSolution
		Debug|Any CPU = Debug|Any CPU
		Release|Any CPU = Release|Any CPU
	EndGlobalSection
	GlobalSection(ProjectConfigurationPlatforms) = postSolution
		{0D9944F4-5499-4764-AB06-39A49EA0341B}.Debug|Any CPU.ActiveCfg = Debug|Any CPU
		{0D9944F4-5499-4764-AB06-39A49EA0341B}.Debug|Any CPU.Build.0 = Debug|Any CPU
		{0D9944F4-5499-4764-AB06-39A49EA0341B}.Release|Any CPU.ActiveCfg = Release|Any CPU
		{0D9944F4-5499-4764-AB06-39A49EA0341B}.Release|Any CPU.Build.0 = Release|Any CPU
		{2855D4A6-CA88-46FB-873D-658CD6398DF4}.Debug|Any CPU.ActiveCfg = Debug|Any CPU
		{2855D4A6-CA88-46FB-873D-658CD6398DF4}.Debug|Any CPU.Build.0 = Debug|Any CPU
		{2855D4A6-CA88-46FB-873D-658CD6398DF4}.Release|Any CPU.ActiveCfg = Release|Any CPU
		{2855D4A6-CA88-46FB-873D-658CD6398DF4}.Release|Any CPU.Build.0 = Release|Any CPU
		{8094D548-F392-447E-BEEC-17937F099A59}.Debug|Any CPU.ActiveCfg = Debug|Any CPU
		{8094D548-F392-447E-BEEC-17937F099A59}.Debug|Any CPU.Build.0 = Debug|Any CPU
		{8094D548-F392-447E-BEEC-17937F099A59}.Release|Any CPU.ActiveCfg = Release|Any CPU
		{8094D548-F392-447E-BEEC-17937F099A59}.Release|Any CPU.Build.0 = Release|Any CPU
		{351CC85A-39E6-4D64-8478-D188020DE49F}.Debug|Any CPU.ActiveCfg = Debug|Any CPU
		{351CC85A-39E6-4D64-8478-D188020DE49F}.Debug|Any CPU.Build.0 = Debug|Any CPU
		{351CC85A-39E6-4D64-8478-D188020DE49F}.Release|Any CPU.ActiveCfg = Release|Any CPU
		{351CC85A-39E6-4D64-8478-D188020DE49F}.Release|Any CPU.Build.0 = Release|Any CPU
		{D4CF3485-4D1C-4384-B930-D3B299A43B2B}.Debug|Any CPU.ActiveCfg = Debug|Any CPU
		{D4CF3485-4D1C-4384-B930-D3B299A43B2B}.Debug|Any CPU.Build.0 = Debug|Any CPU
		{D4CF3485-4D1C-4384-B930-D3B299A43B2B}.Release|Any CPU.ActiveCfg = Release|Any CPU
		{D4CF3485-4D1C-4384-B930-D3B299A43B2B}.Release|Any CPU.Build.0 = Release|Any CPU
		{1E471389-436D-4996-BAB5-F18EEF411A60}.Debug|Any CPU.ActiveCfg = Debug|Any CPU
		{1E471389-436D-4996-BAB5-F18EEF411A60}.Debug|Any CPU.Build.0 = Debug|Any CPU
		{1E471389-436D-4996-BAB5-F18EEF411A60}.Release|Any CPU.ActiveCfg = Release|Any CPU
		{1E471389-436D-4996-BAB5-F18EEF411A60}.Release|Any CPU.Build.0 = Release|Any CPU
	EndGlobalSection
	GlobalSection(SolutionProperties) = preSolution
		HideSolutionNode = FALSE
	EndGlobalSection
	GlobalSection(ExtensibilityGlobals) = postSolution
		SolutionGuid = {0288CF72-06A0-4E31-9F94-877243ED7A99}
	EndGlobalSection
EndGlobal
