
Microsoft Visual Studio Solution File, Format Version 12.00
# Visual Studio Version 16
VisualStudioVersion = 16.0.32802.440
MinimumVisualStudioVersion = 10.0.40219.1
Project("{9A19103F-16F7-4668-BE54-9A1E7A4F7556}") = "1. Action Point", "FunctionalProgrammingExercise\1. Action Point.csproj", "{04994849-AFAC-4D11-A917-88F47F87A02F}"
EndProject
Project("{9A19103F-16F7-4668-BE54-9A1E7A4F7556}") = "2. Knights of Honor", "2. Knights of Honor\2. Knights of Honor.csproj", "{AFE765A3-A423-4F5D-B72B-A705ECDC2839}"
EndProject
Project("{9A19103F-16F7-4668-BE54-9A1E7A4F7556}") = "3. Custom Min Function", "3. Custom Min Function\3. Custom Min Function.csproj", "{FEB179E7-5C58-4F13-9319-6A910F8F3CD0}"
EndProject
Project("{9A19103F-16F7-4668-BE54-9A1E7A4F7556}") = "4. Find Evens or Odds", "4. Find Evens or Odds\4. Find Evens or Odds.csproj", "{CF8478EA-1335-4CAB-BA65-30A8B079A886}"
EndProject
Project("{9A19103F-16F7-4668-BE54-9A1E7A4F7556}") = "5. Applied Arithmetics", "5. Applied Arithmetics\5. Applied Arithmetics.csproj", "{FE280C3D-3015-418A-90DD-7147635B82D3}"
EndProject
Project("{9A19103F-16F7-4668-BE54-9A1E7A4F7556}") = "6. Reverse and Exclude", "6. Reverse and Exclude\6. Reverse and Exclude.csproj", "{1AE48FF6-5BFD-415C-B4AC-D183C7EA6D56}"
EndProject
Project("{9A19103F-16F7-4668-BE54-9A1E7A4F7556}") = "7. Predicate for Names", "7. Predicate for Names\7. Predicate for Names.csproj", "{49A0C906-33BA-4BFE-A56C-C3D147E06A24}"
EndProject
Project("{9A19103F-16F7-4668-BE54-9A1E7A4F7556}") = "8. List of Predicates", "8. List of Predicates\8. List of Predicates.csproj", "{B8217D83-3D5D-4C59-A956-70168A4AFCED}"
EndProject
Project("{9A19103F-16F7-4668-BE54-9A1E7A4F7556}") = "9. Predicate Party!", "9. Predicate Party!\9. Predicate Party!.csproj", "{041C58DC-8241-4D74-9519-F3F440431758}"
EndProject
Project("{9A19103F-16F7-4668-BE54-9A1E7A4F7556}") = "10. Party Reservation Filter Module", "10. Party Reservation Filter Module\10. Party Reservation Filter Module.csproj", "{825AC1E7-153B-4877-9046-E22198E32437}"
EndProject
Project("{FAE04EC0-301F-11D3-BF4B-00C04F79EFBC}") = "11. TriFunction", "11. TriFunction\11. TriFunction.csproj", "{DC2F22B2-8AF2-466D-B28E-E9E6030A6191}"
EndProject
Global
	GlobalSection(SolutionConfigurationPlatforms) = preSolution
		Debug|Any CPU = Debug|Any CPU
		Release|Any CPU = Release|Any CPU
	EndGlobalSection
	GlobalSection(ProjectConfigurationPlatforms) = postSolution
		{04994849-AFAC-4D11-A917-88F47F87A02F}.Debug|Any CPU.ActiveCfg = Debug|Any CPU
		{04994849-AFAC-4D11-A917-88F47F87A02F}.Debug|Any CPU.Build.0 = Debug|Any CPU
		{04994849-AFAC-4D11-A917-88F47F87A02F}.Release|Any CPU.ActiveCfg = Release|Any CPU
		{04994849-AFAC-4D11-A917-88F47F87A02F}.Release|Any CPU.Build.0 = Release|Any CPU
		{AFE765A3-A423-4F5D-B72B-A705ECDC2839}.Debug|Any CPU.ActiveCfg = Debug|Any CPU
		{AFE765A3-A423-4F5D-B72B-A705ECDC2839}.Debug|Any CPU.Build.0 = Debug|Any CPU
		{AFE765A3-A423-4F5D-B72B-A705ECDC2839}.Release|Any CPU.ActiveCfg = Release|Any CPU
		{AFE765A3-A423-4F5D-B72B-A705ECDC2839}.Release|Any CPU.Build.0 = Release|Any CPU
		{FEB179E7-5C58-4F13-9319-6A910F8F3CD0}.Debug|Any CPU.ActiveCfg = Debug|Any CPU
		{FEB179E7-5C58-4F13-9319-6A910F8F3CD0}.Debug|Any CPU.Build.0 = Debug|Any CPU
		{FEB179E7-5C58-4F13-9319-6A910F8F3CD0}.Release|Any CPU.ActiveCfg = Release|Any CPU
		{FEB179E7-5C58-4F13-9319-6A910F8F3CD0}.Release|Any CPU.Build.0 = Release|Any CPU
		{CF8478EA-1335-4CAB-BA65-30A8B079A886}.Debug|Any CPU.ActiveCfg = Debug|Any CPU
		{CF8478EA-1335-4CAB-BA65-30A8B079A886}.Debug|Any CPU.Build.0 = Debug|Any CPU
		{CF8478EA-1335-4CAB-BA65-30A8B079A886}.Release|Any CPU.ActiveCfg = Release|Any CPU
		{CF8478EA-1335-4CAB-BA65-30A8B079A886}.Release|Any CPU.Build.0 = Release|Any CPU
		{FE280C3D-3015-418A-90DD-7147635B82D3}.Debug|Any CPU.ActiveCfg = Debug|Any CPU
		{FE280C3D-3015-418A-90DD-7147635B82D3}.Debug|Any CPU.Build.0 = Debug|Any CPU
		{FE280C3D-3015-418A-90DD-7147635B82D3}.Release|Any CPU.ActiveCfg = Release|Any CPU
		{FE280C3D-3015-418A-90DD-7147635B82D3}.Release|Any CPU.Build.0 = Release|Any CPU
		{1AE48FF6-5BFD-415C-B4AC-D183C7EA6D56}.Debug|Any CPU.ActiveCfg = Debug|Any CPU
		{1AE48FF6-5BFD-415C-B4AC-D183C7EA6D56}.Debug|Any CPU.Build.0 = Debug|Any CPU
		{1AE48FF6-5BFD-415C-B4AC-D183C7EA6D56}.Release|Any CPU.ActiveCfg = Release|Any CPU
		{1AE48FF6-5BFD-415C-B4AC-D183C7EA6D56}.Release|Any CPU.Build.0 = Release|Any CPU
		{49A0C906-33BA-4BFE-A56C-C3D147E06A24}.Debug|Any CPU.ActiveCfg = Debug|Any CPU
		{49A0C906-33BA-4BFE-A56C-C3D147E06A24}.Debug|Any CPU.Build.0 = Debug|Any CPU
		{49A0C906-33BA-4BFE-A56C-C3D147E06A24}.Release|Any CPU.ActiveCfg = Release|Any CPU
		{49A0C906-33BA-4BFE-A56C-C3D147E06A24}.Release|Any CPU.Build.0 = Release|Any CPU
		{B8217D83-3D5D-4C59-A956-70168A4AFCED}.Debug|Any CPU.ActiveCfg = Debug|Any CPU
		{B8217D83-3D5D-4C59-A956-70168A4AFCED}.Debug|Any CPU.Build.0 = Debug|Any CPU
		{B8217D83-3D5D-4C59-A956-70168A4AFCED}.Release|Any CPU.ActiveCfg = Release|Any CPU
		{B8217D83-3D5D-4C59-A956-70168A4AFCED}.Release|Any CPU.Build.0 = Release|Any CPU
		{041C58DC-8241-4D74-9519-F3F440431758}.Debug|Any CPU.ActiveCfg = Debug|Any CPU
		{041C58DC-8241-4D74-9519-F3F440431758}.Debug|Any CPU.Build.0 = Debug|Any CPU
		{041C58DC-8241-4D74-9519-F3F440431758}.Release|Any CPU.ActiveCfg = Release|Any CPU
		{041C58DC-8241-4D74-9519-F3F440431758}.Release|Any CPU.Build.0 = Release|Any CPU
		{825AC1E7-153B-4877-9046-E22198E32437}.Debug|Any CPU.ActiveCfg = Debug|Any CPU
		{825AC1E7-153B-4877-9046-E22198E32437}.Debug|Any CPU.Build.0 = Debug|Any CPU
		{825AC1E7-153B-4877-9046-E22198E32437}.Release|Any CPU.ActiveCfg = Release|Any CPU
		{825AC1E7-153B-4877-9046-E22198E32437}.Release|Any CPU.Build.0 = Release|Any CPU
		{DC2F22B2-8AF2-466D-B28E-E9E6030A6191}.Debug|Any CPU.ActiveCfg = Debug|Any CPU
		{DC2F22B2-8AF2-466D-B28E-E9E6030A6191}.Debug|Any CPU.Build.0 = Debug|Any CPU
		{DC2F22B2-8AF2-466D-B28E-E9E6030A6191}.Release|Any CPU.ActiveCfg = Release|Any CPU
		{DC2F22B2-8AF2-466D-B28E-E9E6030A6191}.Release|Any CPU.Build.0 = Release|Any CPU
	EndGlobalSection
	GlobalSection(SolutionProperties) = preSolution
		HideSolutionNode = FALSE
	EndGlobalSection
	GlobalSection(ExtensibilityGlobals) = postSolution
		SolutionGuid = {A2756B65-3C59-4F6A-91A7-151B550A09AA}
	EndGlobalSection
EndGlobal
